// !$*UTF8*$!
{
	archiveVersion = 1;
	classes = {
	};
	objectVersion = 50;
	objects = {

/* Begin PBXBuildFile section */
		B7423A3A20C041E000F02BDF /* AppDelegate.swift in Sources */ = {isa = PBXBuildFile; fileRef = B7423A3920C041E000F02BDF /* AppDelegate.swift */; };
		B7423A3C20C041E000F02BDF /* ViewController.swift in Sources */ = {isa = PBXBuildFile; fileRef = B7423A3B20C041E000F02BDF /* ViewController.swift */; };
		B7423A3F20C041E000F02BDF /* Main.storyboard in Resources */ = {isa = PBXBuildFile; fileRef = B7423A3D20C041E000F02BDF /* Main.storyboard */; };
		B7423A4120C041E400F02BDF /* Assets.xcassets in Resources */ = {isa = PBXBuildFile; fileRef = B7423A4020C041E400F02BDF /* Assets.xcassets */; };
		B7423A4420C041E400F02BDF /* LaunchScreen.storyboard in Resources */ = {isa = PBXBuildFile; fileRef = B7423A4220C041E400F02BDF /* LaunchScreen.storyboard */; };
		B7423A4C20C04BAF00F02BDF /* Item.swift in Sources */ = {isa = PBXBuildFile; fileRef = B7423A4B20C04BAF00F02BDF /* Item.swift */; };
		B7423A5820C1275400F02BDF /* cellContentView.xib in Resources */ = {isa = PBXBuildFile; fileRef = B7423A5720C1275400F02BDF /* cellContentView.xib */; };
		B7423A5A20C128F400F02BDF /* cellContentView.swift in Sources */ = {isa = PBXBuildFile; fileRef = B7423A5920C128F400F02BDF /* cellContentView.swift */; };
		B7423A7020C5064C00F02BDF /* myImage.png in Resources */ = {isa = PBXBuildFile; fileRef = B7423A6C20C5064B00F02BDF /* myImage.png */; };
		B7423A7220C5064C00F02BDF /* pengin00.png in Resources */ = {isa = PBXBuildFile; fileRef = B7423A6E20C5064B00F02BDF /* pengin00.png */; };
		B7423A9720C5880600F02BDF /* PageMenuView.swift in Sources */ = {isa = PBXBuildFile; fileRef = B7423A9620C5880600F02BDF /* PageMenuView.swift */; };
		B780FE6220D0E64400814088 /* ArticleData.xcdatamodeld in Sources */ = {isa = PBXBuildFile; fileRef = B780FE6020D0E64300814088 /* ArticleData.xcdatamodeld */; };
		B780FE6820D1011000814088 /* CoreData.swift in Sources */ = {isa = PBXBuildFile; fileRef = B780FE6720D1011000814088 /* CoreData.swift */; };
		B794E8CD20C673110037862E /* manyViewControllers.swift in Sources */ = {isa = PBXBuildFile; fileRef = B794E8CC20C673110037862E /* manyViewControllers.swift */; };
		B794E8CF20C741700037862E /* default.png in Resources */ = {isa = PBXBuildFile; fileRef = B794E8CE20C741700037862E /* default.png */; };
		B794E8D120C74C8A0037862E /* getURL.swift in Sources */ = {isa = PBXBuildFile; fileRef = B794E8D020C74C8A0037862E /* getURL.swift */; };
		B794E8D320C9624E0037862E /* SettingViewController.swift in Sources */ = {isa = PBXBuildFile; fileRef = B794E8D220C9624D0037862E /* SettingViewController.swift */; };
		B794E8D520C982A20037862E /* urlTableViewController.swift in Sources */ = {isa = PBXBuildFile; fileRef = B794E8D420C982A20037862E /* urlTableViewController.swift */; };
		B794E8D920CB38420037862E /* favTableViewController.swift in Sources */ = {isa = PBXBuildFile; fileRef = B794E8D820CB38420037862E /* favTableViewController.swift */; };
		B7FE8FD620CE4A0A0095F455 /* favWebViewController.swift in Sources */ = {isa = PBXBuildFile; fileRef = B7FE8FD520CE4A0A0095F455 /* favWebViewController.swift */; };
		B7FE8FD820CE78760095F455 /* favCellView.xib in Resources */ = {isa = PBXBuildFile; fileRef = B7FE8FD720CE78760095F455 /* favCellView.xib */; };
		B7FE8FDA20CE7A1D0095F455 /* default02.png in Resources */ = {isa = PBXBuildFile; fileRef = B7FE8FD920CE7A1C0095F455 /* default02.png */; };
		B7FE8FDC20CE7E450095F455 /* pengin02.png in Resources */ = {isa = PBXBuildFile; fileRef = B7FE8FDB20CE7E450095F455 /* pengin02.png */; };
		B7FE8FDE20CE7ED60095F455 /* favCellView.swift in Sources */ = {isa = PBXBuildFile; fileRef = B7FE8FDD20CE7ED60095F455 /* favCellView.swift */; };
/* End PBXBuildFile section */

/* Begin PBXFileReference section */
		B7423A3620C041E000F02BDF /* Feedmin.app */ = {isa = PBXFileReference; explicitFileType = wrapper.application; includeInIndex = 0; path = Feedmin.app; sourceTree = BUILT_PRODUCTS_DIR; };
		B7423A3920C041E000F02BDF /* AppDelegate.swift */ = {isa = PBXFileReference; lastKnownFileType = sourcecode.swift; path = AppDelegate.swift; sourceTree = "<group>"; };
		B7423A3B20C041E000F02BDF /* ViewController.swift */ = {isa = PBXFileReference; lastKnownFileType = sourcecode.swift; path = ViewController.swift; sourceTree = "<group>"; };
		B7423A3E20C041E000F02BDF /* Base */ = {isa = PBXFileReference; lastKnownFileType = file.storyboard; name = Base; path = Base.lproj/Main.storyboard; sourceTree = "<group>"; };
		B7423A4020C041E400F02BDF /* Assets.xcassets */ = {isa = PBXFileReference; lastKnownFileType = folder.assetcatalog; path = Assets.xcassets; sourceTree = "<group>"; };
		B7423A4320C041E400F02BDF /* Base */ = {isa = PBXFileReference; lastKnownFileType = file.storyboard; name = Base; path = Base.lproj/LaunchScreen.storyboard; sourceTree = "<group>"; };
		B7423A4520C041E400F02BDF /* Info.plist */ = {isa = PBXFileReference; lastKnownFileType = text.plist.xml; path = Info.plist; sourceTree = "<group>"; };
		B7423A4B20C04BAF00F02BDF /* Item.swift */ = {isa = PBXFileReference; lastKnownFileType = sourcecode.swift; path = Item.swift; sourceTree = "<group>"; };
		B7423A5720C1275400F02BDF /* cellContentView.xib */ = {isa = PBXFileReference; lastKnownFileType = file.xib; path = cellContentView.xib; sourceTree = "<group>"; };
		B7423A5920C128F400F02BDF /* cellContentView.swift */ = {isa = PBXFileReference; lastKnownFileType = sourcecode.swift; path = cellContentView.swift; sourceTree = "<group>"; };
		B7423A6C20C5064B00F02BDF /* myImage.png */ = {isa = PBXFileReference; lastKnownFileType = image.png; path = myImage.png; sourceTree = "<group>"; };
		B7423A6E20C5064B00F02BDF /* pengin00.png */ = {isa = PBXFileReference; lastKnownFileType = image.png; path = pengin00.png; sourceTree = "<group>"; };
		B7423A9620C5880600F02BDF /* PageMenuView.swift */ = {isa = PBXFileReference; fileEncoding = 4; lastKnownFileType = sourcecode.swift; path = PageMenuView.swift; sourceTree = "<group>"; };
		B780FE6120D0E64400814088 /* ArticleData.xcdatamodel */ = {isa = PBXFileReference; lastKnownFileType = wrapper.xcdatamodel; path = ArticleData.xcdatamodel; sourceTree = "<group>"; };
		B780FE6720D1011000814088 /* CoreData.swift */ = {isa = PBXFileReference; lastKnownFileType = sourcecode.swift; path = CoreData.swift; sourceTree = "<group>"; };
		B794E8CC20C673110037862E /* manyViewControllers.swift */ = {isa = PBXFileReference; lastKnownFileType = sourcecode.swift; path = manyViewControllers.swift; sourceTree = "<group>"; };
		B794E8CE20C741700037862E /* default.png */ = {isa = PBXFileReference; lastKnownFileType = image.png; path = default.png; sourceTree = "<group>"; };
		B794E8D020C74C8A0037862E /* getURL.swift */ = {isa = PBXFileReference; lastKnownFileType = sourcecode.swift; path = getURL.swift; sourceTree = "<group>"; };
		B794E8D220C9624D0037862E /* SettingViewController.swift */ = {isa = PBXFileReference; lastKnownFileType = sourcecode.swift; path = SettingViewController.swift; sourceTree = "<group>"; };
		B794E8D420C982A20037862E /* urlTableViewController.swift */ = {isa = PBXFileReference; lastKnownFileType = sourcecode.swift; path = urlTableViewController.swift; sourceTree = "<group>"; };
		B794E8D820CB38420037862E /* favTableViewController.swift */ = {isa = PBXFileReference; lastKnownFileType = sourcecode.swift; path = favTableViewController.swift; sourceTree = "<group>"; };
		B7FE8FD520CE4A0A0095F455 /* favWebViewController.swift */ = {isa = PBXFileReference; lastKnownFileType = sourcecode.swift; path = favWebViewController.swift; sourceTree = "<group>"; };
		B7FE8FD720CE78760095F455 /* favCellView.xib */ = {isa = PBXFileReference; lastKnownFileType = file.xib; path = favCellView.xib; sourceTree = "<group>"; };
		B7FE8FD920CE7A1C0095F455 /* default02.png */ = {isa = PBXFileReference; lastKnownFileType = image.png; path = default02.png; sourceTree = "<group>"; };
		B7FE8FDB20CE7E450095F455 /* pengin02.png */ = {isa = PBXFileReference; lastKnownFileType = image.png; path = pengin02.png; sourceTree = "<group>"; };
		B7FE8FDD20CE7ED60095F455 /* favCellView.swift */ = {isa = PBXFileReference; lastKnownFileType = sourcecode.swift; path = favCellView.swift; sourceTree = "<group>"; };
/* End PBXFileReference section */

/* Begin PBXFrameworksBuildPhase section */
		B7423A3320C041E000F02BDF /* Frameworks */ = {
			isa = PBXFrameworksBuildPhase;
			buildActionMask = 2147483647;
			files = (
			);
			runOnlyForDeploymentPostprocessing = 0;
		};
/* End PBXFrameworksBuildPhase section */

/* Begin PBXGroup section */
		B7423A2D20C041E000F02BDF = {
			isa = PBXGroup;
			children = (
				B7423A3820C041E000F02BDF /* Feedmin */,
				B7423A3720C041E000F02BDF /* Products */,
			);
			sourceTree = "<group>";
		};
		B7423A3720C041E000F02BDF /* Products */ = {
			isa = PBXGroup;
			children = (
				B7423A3620C041E000F02BDF /* Feedmin.app */,
			);
			name = Products;
			sourceTree = "<group>";
		};
		B7423A3820C041E000F02BDF /* Feedmin */ = {
			isa = PBXGroup;
			children = (
				B7423A3920C041E000F02BDF /* AppDelegate.swift */,
				B794E8CC20C673110037862E /* manyViewControllers.swift */,
				B7423A3B20C041E000F02BDF /* ViewController.swift */,
				B794E8D820CB38420037862E /* favTableViewController.swift */,
				B7FE8FD520CE4A0A0095F455 /* favWebViewController.swift */,
				B7FE8FDD20CE7ED60095F455 /* favCellView.swift */,
				B7FE8FD720CE78760095F455 /* favCellView.xib */,
				B794E8D420C982A20037862E /* urlTableViewController.swift */,
				B794E8D220C9624D0037862E /* SettingViewController.swift */,
				B7423A5720C1275400F02BDF /* cellContentView.xib */,
				B7423A5920C128F400F02BDF /* cellContentView.swift */,
				B7423A3D20C041E000F02BDF /* Main.storyboard */,
				B7423A4B20C04BAF00F02BDF /* Item.swift */,
				B7423A9620C5880600F02BDF /* PageMenuView.swift */,
				B794E8D020C74C8A0037862E /* getURL.swift */,
				B780FE6720D1011000814088 /* CoreData.swift */,
				B780FE6020D0E64300814088 /* ArticleData.xcdatamodeld */,
				B7423A6B20C5057100F02BDF /* images */,
				B7423A4020C041E400F02BDF /* Assets.xcassets */,
				B7423A4220C041E400F02BDF /* LaunchScreen.storyboard */,
				B7423A4520C041E400F02BDF /* Info.plist */,
			);
			path = Feedmin;
			sourceTree = "<group>";
		};
		B7423A6B20C5057100F02BDF /* images */ = {
			isa = PBXGroup;
			children = (
				B7FE8FDB20CE7E450095F455 /* pengin02.png */,
				B7FE8FD920CE7A1C0095F455 /* default02.png */,
				B794E8CE20C741700037862E /* default.png */,
				B7423A6C20C5064B00F02BDF /* myImage.png */,
				B7423A6E20C5064B00F02BDF /* pengin00.png */,
			);
			path = images;
			sourceTree = "<group>";
		};
/* End PBXGroup section */

/* Begin PBXNativeTarget section */
		B7423A3520C041E000F02BDF /* Feedmin */ = {
			isa = PBXNativeTarget;
			buildConfigurationList = B7423A4820C041E400F02BDF /* Build configuration list for PBXNativeTarget "Feedmin" */;
			buildPhases = (
				B7423A3220C041E000F02BDF /* Sources */,
				B7423A3320C041E000F02BDF /* Frameworks */,
				B7423A3420C041E000F02BDF /* Resources */,
			);
			buildRules = (
			);
			dependencies = (
			);
			name = Feedmin;
			productName = Feedmin;
			productReference = B7423A3620C041E000F02BDF /* Feedmin.app */;
			productType = "com.apple.product-type.application";
		};
/* End PBXNativeTarget section */

/* Begin PBXProject section */
		B7423A2E20C041E000F02BDF /* Project object */ = {
			isa = PBXProject;
			attributes = {
				LastSwiftUpdateCheck = 0930;
				LastUpgradeCheck = 0930;
				ORGANIZATIONNAME = "Togami Yuki";
				TargetAttributes = {
					B7423A3520C041E000F02BDF = {
						CreatedOnToolsVersion = 9.3.1;
					};
				};
			};
			buildConfigurationList = B7423A3120C041E000F02BDF /* Build configuration list for PBXProject "Feedmin" */;
			compatibilityVersion = "Xcode 9.3";
			developmentRegion = en;
			hasScannedForEncodings = 0;
			knownRegions = (
				en,
				Base,
			);
			mainGroup = B7423A2D20C041E000F02BDF;
			productRefGroup = B7423A3720C041E000F02BDF /* Products */;
			projectDirPath = "";
			projectRoot = "";
			targets = (
				B7423A3520C041E000F02BDF /* Feedmin */,
			);
		};
/* End PBXProject section */

/* Begin PBXResourcesBuildPhase section */
		B7423A3420C041E000F02BDF /* Resources */ = {
			isa = PBXResourcesBuildPhase;
			buildActionMask = 2147483647;
			files = (
				B7FE8FDA20CE7A1D0095F455 /* default02.png in Resources */,
				B7423A7220C5064C00F02BDF /* pengin00.png in Resources */,
				B7423A7020C5064C00F02BDF /* myImage.png in Resources */,
				B7423A4420C041E400F02BDF /* LaunchScreen.storyboard in Resources */,
				B7423A4120C041E400F02BDF /* Assets.xcassets in Resources */,
				B7FE8FDC20CE7E450095F455 /* pengin02.png in Resources */,
				B7FE8FD820CE78760095F455 /* favCellView.xib in Resources */,
				B7423A5820C1275400F02BDF /* cellContentView.xib in Resources */,
				B7423A3F20C041E000F02BDF /* Main.storyboard in Resources */,
				B794E8CF20C741700037862E /* default.png in Resources */,
			);
			runOnlyForDeploymentPostprocessing = 0;
		};
/* End PBXResourcesBuildPhase section */

/* Begin PBXSourcesBuildPhase section */
		B7423A3220C041E000F02BDF /* Sources */ = {
			isa = PBXSourcesBuildPhase;
			buildActionMask = 2147483647;
			files = (
				B7423A3C20C041E000F02BDF /* ViewController.swift in Sources */,
				B794E8D520C982A20037862E /* urlTableViewController.swift in Sources */,
				B794E8CD20C673110037862E /* manyViewControllers.swift in Sources */,
				B7423A9720C5880600F02BDF /* PageMenuView.swift in Sources */,
				B7423A4C20C04BAF00F02BDF /* Item.swift in Sources */,
				B7423A3A20C041E000F02BDF /* AppDelegate.swift in Sources */,
				B794E8D920CB38420037862E /* favTableViewController.swift in Sources */,
				B7FE8FD620CE4A0A0095F455 /* favWebViewController.swift in Sources */,
				B794E8D120C74C8A0037862E /* getURL.swift in Sources */,
				B780FE6220D0E64400814088 /* ArticleData.xcdatamodeld in Sources */,
				B7423A5A20C128F400F02BDF /* cellContentView.swift in Sources */,
				B780FE6820D1011000814088 /* CoreData.swift in Sources */,
				B794E8D320C9624E0037862E /* SettingViewController.swift in Sources */,
				B7FE8FDE20CE7ED60095F455 /* favCellView.swift in Sources */,
			);
			runOnlyForDeploymentPostprocessing = 0;
		};
/* End PBXSourcesBuildPhase section */

/* Begin PBXVariantGroup section */
		B7423A3D20C041E000F02BDF /* Main.storyboard */ = {
			isa = PBXVariantGroup;
			children = (
				B7423A3E20C041E000F02BDF /* Base */,
			);
			name = Main.storyboard;
			sourceTree = "<group>";
		};
		B7423A4220C041E400F02BDF /* LaunchScreen.storyboard */ = {
			isa = PBXVariantGroup;
			children = (
				B7423A4320C041E400F02BDF /* Base */,
			);
			name = LaunchScreen.storyboard;
			sourceTree = "<group>";
		};
/* End PBXVariantGroup section */

/* Begin XCBuildConfiguration section */
		B7423A4620C041E400F02BDF /* Debug */ = {
			isa = XCBuildConfiguration;
			buildSettings = {
				ALWAYS_SEARCH_USER_PATHS = NO;
				CLANG_ANALYZER_NONNULL = YES;
				CLANG_ANALYZER_NUMBER_OBJECT_CONVERSION = YES_AGGRESSIVE;
				CLANG_CXX_LANGUAGE_STANDARD = "gnu++14";
				CLANG_CXX_LIBRARY = "libc++";
				CLANG_ENABLE_MODULES = YES;
				CLANG_ENABLE_OBJC_ARC = YES;
				CLANG_ENABLE_OBJC_WEAK = YES;
				CLANG_WARN_BLOCK_CAPTURE_AUTORELEASING = YES;
				CLANG_WARN_BOOL_CONVERSION = YES;
				CLANG_WARN_COMMA = YES;
				CLANG_WARN_CONSTANT_CONVERSION = YES;
				CLANG_WARN_DEPRECATED_OBJC_IMPLEMENTATIONS = YES;
				CLANG_WARN_DIRECT_OBJC_ISA_USAGE = YES_ERROR;
				CLANG_WARN_DOCUMENTATION_COMMENTS = YES;
				CLANG_WARN_EMPTY_BODY = YES;
				CLANG_WARN_ENUM_CONVERSION = YES;
				CLANG_WARN_INFINITE_RECURSION = YES;
				CLANG_WARN_INT_CONVERSION = YES;
				CLANG_WARN_NON_LITERAL_NULL_CONVERSION = YES;
				CLANG_WARN_OBJC_IMPLICIT_RETAIN_SELF = YES;
				CLANG_WARN_OBJC_LITERAL_CONVERSION = YES;
				CLANG_WARN_OBJC_ROOT_CLASS = YES_ERROR;
				CLANG_WARN_RANGE_LOOP_ANALYSIS = YES;
				CLANG_WARN_STRICT_PROTOTYPES = YES;
				CLANG_WARN_SUSPICIOUS_MOVE = YES;
				CLANG_WARN_UNGUARDED_AVAILABILITY = YES_AGGRESSIVE;
				CLANG_WARN_UNREACHABLE_CODE = YES;
				CLANG_WARN__DUPLICATE_METHOD_MATCH = YES;
				CODE_SIGN_IDENTITY = "iPhone Developer";
				COPY_PHASE_STRIP = NO;
				DEBUG_INFORMATION_FORMAT = dwarf;
				ENABLE_STRICT_OBJC_MSGSEND = YES;
				ENABLE_TESTABILITY = YES;
				GCC_C_LANGUAGE_STANDARD = gnu11;
				GCC_DYNAMIC_NO_PIC = NO;
				GCC_NO_COMMON_BLOCKS = YES;
				GCC_OPTIMIZATION_LEVEL = 0;
				GCC_PREPROCESSOR_DEFINITIONS = (
					"DEBUG=1",
					"$(inherited)",
				);
				GCC_WARN_64_TO_32_BIT_CONVERSION = YES;
				GCC_WARN_ABOUT_RETURN_TYPE = YES_ERROR;
				GCC_WARN_UNDECLARED_SELECTOR = YES;
				GCC_WARN_UNINITIALIZED_AUTOS = YES_AGGRESSIVE;
				GCC_WARN_UNUSED_FUNCTION = YES;
				GCC_WARN_UNUSED_VARIABLE = YES;
				IPHONEOS_DEPLOYMENT_TARGET = 11.3;
				MTL_ENABLE_DEBUG_INFO = YES;
				ONLY_ACTIVE_ARCH = YES;
				SDKROOT = iphoneos;
				SWIFT_ACTIVE_COMPILATION_CONDITIONS = DEBUG;
				SWIFT_OPTIMIZATION_LEVEL = "-Onone";
			};
			name = Debug;
		};
		B7423A4720C041E400F02BDF /* Release */ = {
			isa = XCBuildConfiguration;
			buildSettings = {
				ALWAYS_SEARCH_USER_PATHS = NO;
				CLANG_ANALYZER_NONNULL = YES;
				CLANG_ANALYZER_NUMBER_OBJECT_CONVERSION = YES_AGGRESSIVE;
				CLANG_CXX_LANGUAGE_STANDARD = "gnu++14";
				CLANG_CXX_LIBRARY = "libc++";
				CLANG_ENABLE_MODULES = YES;
				CLANG_ENABLE_OBJC_ARC = YES;
				CLANG_ENABLE_OBJC_WEAK = YES;
				CLANG_WARN_BLOCK_CAPTURE_AUTORELEASING = YES;
				CLANG_WARN_BOOL_CONVERSION = YES;
				CLANG_WARN_COMMA = YES;
				CLANG_WARN_CONSTANT_CONVERSION = YES;
				CLANG_WARN_DEPRECATED_OBJC_IMPLEMENTATIONS = YES;
				CLANG_WARN_DIRECT_OBJC_ISA_USAGE = YES_ERROR;
				CLANG_WARN_DOCUMENTATION_COMMENTS = YES;
				CLANG_WARN_EMPTY_BODY = YES;
				CLANG_WARN_ENUM_CONVERSION = YES;
				CLANG_WARN_INFINITE_RECURSION = YES;
				CLANG_WARN_INT_CONVERSION = YES;
				CLANG_WARN_NON_LITERAL_NULL_CONVERSION = YES;
				CLANG_WARN_OBJC_IMPLICIT_RETAIN_SELF = YES;
				CLANG_WARN_OBJC_LITERAL_CONVERSION = YES;
				CLANG_WARN_OBJC_ROOT_CLASS = YES_ERROR;
				CLANG_WARN_RANGE_LOOP_ANALYSIS = YES;
				CLANG_WARN_STRICT_PROTOTYPES = YES;
				CLANG_WARN_SUSPICIOUS_MOVE = YES;
				CLANG_WARN_UNGUARDED_AVAILABILITY = YES_AGGRESSIVE;
				CLANG_WARN_UNREACHABLE_CODE = YES;
				CLANG_WARN__DUPLICATE_METHOD_MATCH = YES;
				CODE_SIGN_IDENTITY = "iPhone Developer";
				COPY_PHASE_STRIP = NO;
				DEBUG_INFORMATION_FORMAT = "dwarf-with-dsym";
				ENABLE_NS_ASSERTIONS = NO;
				ENABLE_STRICT_OBJC_MSGSEND = YES;
				GCC_C_LANGUAGE_STANDARD = gnu11;
				GCC_NO_COMMON_BLOCKS = YES;
				GCC_WARN_64_TO_32_BIT_CONVERSION = YES;
				GCC_WARN_ABOUT_RETURN_TYPE = YES_ERROR;
				GCC_WARN_UNDECLARED_SELECTOR = YES;
				GCC_WARN_UNINITIALIZED_AUTOS = YES_AGGRESSIVE;
				GCC_WARN_UNUSED_FUNCTION = YES;
				GCC_WARN_UNUSED_VARIABLE = YES;
				IPHONEOS_DEPLOYMENT_TARGET = 11.3;
				MTL_ENABLE_DEBUG_INFO = NO;
				SDKROOT = iphoneos;
				SWIFT_COMPILATION_MODE = wholemodule;
				SWIFT_OPTIMIZATION_LEVEL = "-O";
				VALIDATE_PRODUCT = YES;
			};
			name = Release;
		};
		B7423A4920C041E400F02BDF /* Debug */ = {
			isa = XCBuildConfiguration;
			buildSettings = {
				ASSETCATALOG_COMPILER_APPICON_NAME = AppIcon;
				CODE_SIGN_STYLE = Automatic;
				DEVELOPMENT_TEAM = EH83WV2X4W;
				INFOPLIST_FILE = Feedmin/Info.plist;
				LD_RUNPATH_SEARCH_PATHS = (
					"$(inherited)",
					"@executable_path/Frameworks",
				);
				PRODUCT_BUNDLE_IDENTIFIER = Togamiyuki.Feedmin;
				PRODUCT_NAME = "$(TARGET_NAME)";
				SWIFT_VERSION = 4.0;
				TARGETED_DEVICE_FAMILY = "1,2";
			};
			name = Debug;
		};
		B7423A4A20C041E400F02BDF /* Release */ = {
			isa = XCBuildConfiguration;
			buildSettings = {
				ASSETCATALOG_COMPILER_APPICON_NAME = AppIcon;
				CODE_SIGN_STYLE = Automatic;
				DEVELOPMENT_TEAM = EH83WV2X4W;
				INFOPLIST_FILE = Feedmin/Info.plist;
				LD_RUNPATH_SEARCH_PATHS = (
					"$(inherited)",
					"@executable_path/Frameworks",
				);
				PRODUCT_BUNDLE_IDENTIFIER = Togamiyuki.Feedmin;
				PRODUCT_NAME = "$(TARGET_NAME)";
				SWIFT_VERSION = 4.0;
				TARGETED_DEVICE_FAMILY = "1,2";
			};
			name = Release;
		};
/* End XCBuildConfiguration section */

/* Begin XCConfigurationList section */
		B7423A3120C041E000F02BDF /* Build configuration list for PBXProject "Feedmin" */ = {
			isa = XCConfigurationList;
			buildConfigurations = (
				B7423A4620C041E400F02BDF /* Debug */,
				B7423A4720C041E400F02BDF /* Release */,
			);
			defaultConfigurationIsVisible = 0;
			defaultConfigurationName = Release;
		};
		B7423A4820C041E400F02BDF /* Build configuration list for PBXNativeTarget "Feedmin" */ = {
			isa = XCConfigurationList;
			buildConfigurations = (
				B7423A4920C041E400F02BDF /* Debug */,
				B7423A4A20C041E400F02BDF /* Release */,
			);
			defaultConfigurationIsVisible = 0;
			defaultConfigurationName = Release;
		};
/* End XCConfigurationList section */

/* Begin XCVersionGroup section */
		B780FE6020D0E64300814088 /* ArticleData.xcdatamodeld */ = {
			isa = XCVersionGroup;
			children = (
				B780FE6120D0E64400814088 /* ArticleData.xcdatamodel */,
			);
			currentVersion = B780FE6120D0E64400814088 /* ArticleData.xcdatamodel */;
			path = ArticleData.xcdatamodeld;
			sourceTree = "<group>";
			versionGroupType = wrapper.xcdatamodel;
		};
/* End XCVersionGroup section */
	};
	rootObject = B7423A2E20C041E000F02BDF /* Project object */;
}
